
Microsoft Visual Studio Solution File, Format Version 12.00
# Visual Studio Version 16
VisualStudioVersion = 16.0.30225.117
MinimumVisualStudioVersion = 10.0.40219.1
Project("{9A19103F-16F7-4668-BE54-9A1E7A4F7556}") = "Investec.Dashboard.Server", "Investec.Dashboard\Server\Investec.Dashboard.Server.csproj", "{08A87CCB-9D6E-4A08-B49D-3EA659E16B0D}"
EndProject
Project("{9A19103F-16F7-4668-BE54-9A1E7A4F7556}") = "Investec.Dashboard.Client", "Investec.Dashboard\Client\Investec.Dashboard.Client.csproj", "{7AE735E3-792D-4626-83B5-BD1D1EFADA45}"
EndProject
Project("{9A19103F-16F7-4668-BE54-9A1E7A4F7556}") = "Investec.Dashboard.Shared", "Investec.Dashboard\Shared\Investec.Dashboard.Shared.csproj", "{66A35423-264C-4AF9-A102-FCAE82D33772}"
EndProject
Project("{9A19103F-16F7-4668-BE54-9A1E7A4F7556}") = "Investec.Dashboard.Function", "Investec.Dashboard.Function\Investec.Dashboard.Function.csproj", "{3A281D2B-42DA-4FDD-B9C6-B8EBD68BCFA0}"
EndProject
Project("{9A19103F-16F7-4668-BE54-9A1E7A4F7556}") = "Openbanking.Investec.DashboardML.Model", "Investec.Dashboard\Openbanking.Investec.DashboardML.Model\Openbanking.Investec.DashboardML.Model.csproj", "{9C0D25E1-C03E-40E3-A049-519ECAE09921}"
EndProject
Project("{9A19103F-16F7-4668-BE54-9A1E7A4F7556}") = "Openbanking.Investec.DashboardML.ConsoleApp", "Investec.Dashboard\Openbanking.Investec.DashboardML.ConsoleApp\Openbanking.Investec.DashboardML.ConsoleApp.csproj", "{58BB8CBE-1BAF-4597-B19E-CB544614D01C}"
EndProject
Global
	GlobalSection(SolutionConfigurationPlatforms) = preSolution
		Debug|Any CPU = Debug|Any CPU
		Release|Any CPU = Release|Any CPU
	EndGlobalSection
	GlobalSection(ProjectConfigurationPlatforms) = postSolution
		{08A87CCB-9D6E-4A08-B49D-3EA659E16B0D}.Debug|Any CPU.ActiveCfg = Debug|Any CPU
		{08A87CCB-9D6E-4A08-B49D-3EA659E16B0D}.Debug|Any CPU.Build.0 = Debug|Any CPU
		{08A87CCB-9D6E-4A08-B49D-3EA659E16B0D}.Release|Any CPU.ActiveCfg = Release|Any CPU
		{08A87CCB-9D6E-4A08-B49D-3EA659E16B0D}.Release|Any CPU.Build.0 = Release|Any CPU
		{7AE735E3-792D-4626-83B5-BD1D1EFADA45}.Debug|Any CPU.ActiveCfg = Debug|Any CPU
		{7AE735E3-792D-4626-83B5-BD1D1EFADA45}.Debug|Any CPU.Build.0 = Debug|Any CPU
		{7AE735E3-792D-4626-83B5-BD1D1EFADA45}.Release|Any CPU.ActiveCfg = Release|Any CPU
		{7AE735E3-792D-4626-83B5-BD1D1EFADA45}.Release|Any CPU.Build.0 = Release|Any CPU
		{66A35423-264C-4AF9-A102-FCAE82D33772}.Debug|Any CPU.ActiveCfg = Debug|Any CPU
		{66A35423-264C-4AF9-A102-FCAE82D33772}.Debug|Any CPU.Build.0 = Debug|Any CPU
		{66A35423-264C-4AF9-A102-FCAE82D33772}.Release|Any CPU.ActiveCfg = Release|Any CPU
		{66A35423-264C-4AF9-A102-FCAE82D33772}.Release|Any CPU.Build.0 = Release|Any CPU
		{3A281D2B-42DA-4FDD-B9C6-B8EBD68BCFA0}.Debug|Any CPU.ActiveCfg = Debug|Any CPU
		{3A281D2B-42DA-4FDD-B9C6-B8EBD68BCFA0}.Debug|Any CPU.Build.0 = Debug|Any CPU
		{3A281D2B-42DA-4FDD-B9C6-B8EBD68BCFA0}.Release|Any CPU.ActiveCfg = Release|Any CPU
		{3A281D2B-42DA-4FDD-B9C6-B8EBD68BCFA0}.Release|Any CPU.Build.0 = Release|Any CPU
		{9C0D25E1-C03E-40E3-A049-519ECAE09921}.Debug|Any CPU.ActiveCfg = Debug|Any CPU
		{9C0D25E1-C03E-40E3-A049-519ECAE09921}.Debug|Any CPU.Build.0 = Debug|Any CPU
		{9C0D25E1-C03E-40E3-A049-519ECAE09921}.Release|Any CPU.ActiveCfg = Release|Any CPU
		{9C0D25E1-C03E-40E3-A049-519ECAE09921}.Release|Any CPU.Build.0 = Release|Any CPU
		{58BB8CBE-1BAF-4597-B19E-CB544614D01C}.Debug|Any CPU.ActiveCfg = Debug|Any CPU
		{58BB8CBE-1BAF-4597-B19E-CB544614D01C}.Debug|Any CPU.Build.0 = Debug|Any CPU
		{58BB8CBE-1BAF-4597-B19E-CB544614D01C}.Release|Any CPU.ActiveCfg = Release|Any CPU
		{58BB8CBE-1BAF-4597-B19E-CB544614D01C}.Release|Any CPU.Build.0 = Release|Any CPU
	EndGlobalSection
	GlobalSection(SolutionProperties) = preSolution
		HideSolutionNode = FALSE
	EndGlobalSection
	GlobalSection(ExtensibilityGlobals) = postSolution
		SolutionGuid = {5440CB9E-C64A-4C66-8C72-A20DA8C8489A}
	EndGlobalSection
EndGlobal
